
Microsoft Visual Studio Solution File, Format Version 12.00
# Visual Studio Version 16
VisualStudioVersion = 16.0.32901.82
MinimumVisualStudioVersion = 10.0.40219.1
Project("{FAE04EC0-301F-11D3-BF4B-00C04F79EFBC}") = "Activity1", "Activity1\Activity1.csproj", "{3579C0AB-3BF4-4E05-B92B-7A6F10BFA217}"
EndProject
Global
	GlobalSection(SolutionConfigurationPlatforms) = preSolution
		Debug|Any CPU = Debug|Any CPU
		Release|Any CPU = Release|Any CPU
	EndGlobalSection
	GlobalSection(ProjectConfigurationPlatforms) = postSolution
		{3579C0AB-3BF4-4E05-B92B-7A6F10BFA217}.Debug|Any CPU.ActiveCfg = Debug|Any CPU
		{3579C0AB-3BF4-4E05-B92B-7A6F10BFA217}.Debug|Any CPU.Build.0 = Debug|Any CPU
		{3579C0AB-3BF4-4E05-B92B-7A6F10BFA217}.Release|Any CPU.ActiveCfg = Release|Any CPU
		{3579C0AB-3BF4-4E05-B92B-7A6F10BFA217}.Release|Any CPU.Build.0 = Release|Any CPU
	EndGlobalSection
	GlobalSection(SolutionProperties) = preSolution
		HideSolutionNode = FALSE
	EndGlobalSection
	GlobalSection(ExtensibilityGlobals) = postSolution
		SolutionGuid = {6D5EED4E-2C86-4396-B966-2CEDC680B18A}
	EndGlobalSection
EndGlobal
